
Microsoft Visual Studio Solution File, Format Version 12.00
# Visual Studio Version 17
VisualStudioVersion = 17.6.33723.286
MinimumVisualStudioVersion = 10.0.40219.1
Project("{FAE04EC0-301F-11D3-BF4B-00C04F79EFBC}") = "ProjetoSTR", "ProjetoSTR\ProjetoSTR.csproj", "{1D674B5D-79F2-42E1-8587-08A9F5354F1A}"
EndProject
Global
	GlobalSection(SolutionConfigurationPlatforms) = preSolution
		Debug|Any CPU = Debug|Any CPU
		Release|Any CPU = Release|Any CPU
	EndGlobalSection
	GlobalSection(ProjectConfigurationPlatforms) = postSolution
		{1D674B5D-79F2-42E1-8587-08A9F5354F1A}.Debug|Any CPU.ActiveCfg = Debug|Any CPU
		{1D674B5D-79F2-42E1-8587-08A9F5354F1A}.Debug|Any CPU.Build.0 = Debug|Any CPU
		{1D674B5D-79F2-42E1-8587-08A9F5354F1A}.Release|Any CPU.ActiveCfg = Release|Any CPU
		{1D674B5D-79F2-42E1-8587-08A9F5354F1A}.Release|Any CPU.Build.0 = Release|Any CPU
	EndGlobalSection
	GlobalSection(SolutionProperties) = preSolution
		HideSolutionNode = FALSE
	EndGlobalSection
	GlobalSection(ExtensibilityGlobals) = postSolution
		SolutionGuid = {2EBAA3F4-308D-437B-915F-4D5F3A907AF3}
	EndGlobalSection
EndGlobal
